
Microsoft Visual Studio Solution File, Format Version 12.00
# Visual Studio Version 17
VisualStudioVersion = 17.9.34607.119
MinimumVisualStudioVersion = 10.0.40219.1
Project("{FAE04EC0-301F-11D3-BF4B-00C04F79EFBC}") = "1-3rdAPIIntegrationInAspNetCoreWebAPI", "1-3rdAPIIntegrationInAspNetCoreWebAPI\1-3rdAPIIntegrationInAspNetCoreWebAPI.csproj", "{B8F35A2E-8307-4361-920B-ABE244D2FD31}"
EndProject
Global
	GlobalSection(SolutionConfigurationPlatforms) = preSolution
		Debug|Any CPU = Debug|Any CPU
		Release|Any CPU = Release|Any CPU
	EndGlobalSection
	GlobalSection(ProjectConfigurationPlatforms) = postSolution
		{B8F35A2E-8307-4361-920B-ABE244D2FD31}.Debug|Any CPU.ActiveCfg = Debug|Any CPU
		{B8F35A2E-8307-4361-920B-ABE244D2FD31}.Debug|Any CPU.Build.0 = Debug|Any CPU
		{B8F35A2E-8307-4361-920B-ABE244D2FD31}.Release|Any CPU.ActiveCfg = Release|Any CPU
		{B8F35A2E-8307-4361-920B-ABE244D2FD31}.Release|Any CPU.Build.0 = Release|Any CPU
	EndGlobalSection
	GlobalSection(SolutionProperties) = preSolution
		HideSolutionNode = FALSE
	EndGlobalSection
	GlobalSection(ExtensibilityGlobals) = postSolution
		SolutionGuid = {C29A1D5A-B493-4283-BD87-0227DACD2C43}
	EndGlobalSection
EndGlobal
